
Microsoft Visual Studio Solution File, Format Version 12.00
# Visual Studio Version 16
VisualStudioVersion = 16.0.32228.343
MinimumVisualStudioVersion = 10.0.40219.1
Project("{9A19103F-16F7-4668-BE54-9A1E7A4F7556}") = "WebAPI", "WebAPI\WebAPI.csproj", "{79A25236-412B-495B-A8CA-7129F8AE597F}"
EndProject
Project("{9A19103F-16F7-4668-BE54-9A1E7A4F7556}") = "WebAPI.DataAccess", "WebAPI.DataAccess\WebAPI.DataAccess.csproj", "{ABDF81C2-6377-4E5F-84FA-14D35BC212F8}"
EndProject
Project("{9A19103F-16F7-4668-BE54-9A1E7A4F7556}") = "WebAPI.Services", "WebAPI.Services\WebAPI.Services.csproj", "{1EAA246F-85C7-4CF1-A131-C9F4369E929F}"
EndProject
Project("{9A19103F-16F7-4668-BE54-9A1E7A4F7556}") = "WebAPI.Domain", "WebAPI.Domain\WebAPI.Domain.csproj", "{C1787462-CD63-46F0-94A8-43880B63FA86}"
EndProject
Project("{FAE04EC0-301F-11D3-BF4B-00C04F79EFBC}") = "WebAPI.Common", "WebAPI.Common\WebAPI.Common.csproj", "{669D79C4-7877-4607-9A31-DCF69B21BCAD}"
EndProject
Global
	GlobalSection(SolutionConfigurationPlatforms) = preSolution
		Debug|Any CPU = Debug|Any CPU
		Release|Any CPU = Release|Any CPU
	EndGlobalSection
	GlobalSection(ProjectConfigurationPlatforms) = postSolution
		{79A25236-412B-495B-A8CA-7129F8AE597F}.Debug|Any CPU.ActiveCfg = Debug|Any CPU
		{79A25236-412B-495B-A8CA-7129F8AE597F}.Debug|Any CPU.Build.0 = Debug|Any CPU
		{79A25236-412B-495B-A8CA-7129F8AE597F}.Release|Any CPU.ActiveCfg = Release|Any CPU
		{79A25236-412B-495B-A8CA-7129F8AE597F}.Release|Any CPU.Build.0 = Release|Any CPU
		{ABDF81C2-6377-4E5F-84FA-14D35BC212F8}.Debug|Any CPU.ActiveCfg = Debug|Any CPU
		{ABDF81C2-6377-4E5F-84FA-14D35BC212F8}.Debug|Any CPU.Build.0 = Debug|Any CPU
		{ABDF81C2-6377-4E5F-84FA-14D35BC212F8}.Release|Any CPU.ActiveCfg = Release|Any CPU
		{ABDF81C2-6377-4E5F-84FA-14D35BC212F8}.Release|Any CPU.Build.0 = Release|Any CPU
		{1EAA246F-85C7-4CF1-A131-C9F4369E929F}.Debug|Any CPU.ActiveCfg = Debug|Any CPU
		{1EAA246F-85C7-4CF1-A131-C9F4369E929F}.Debug|Any CPU.Build.0 = Debug|Any CPU
		{1EAA246F-85C7-4CF1-A131-C9F4369E929F}.Release|Any CPU.ActiveCfg = Release|Any CPU
		{1EAA246F-85C7-4CF1-A131-C9F4369E929F}.Release|Any CPU.Build.0 = Release|Any CPU
		{C1787462-CD63-46F0-94A8-43880B63FA86}.Debug|Any CPU.ActiveCfg = Debug|Any CPU
		{C1787462-CD63-46F0-94A8-43880B63FA86}.Debug|Any CPU.Build.0 = Debug|Any CPU
		{C1787462-CD63-46F0-94A8-43880B63FA86}.Release|Any CPU.ActiveCfg = Release|Any CPU
		{C1787462-CD63-46F0-94A8-43880B63FA86}.Release|Any CPU.Build.0 = Release|Any CPU
		{669D79C4-7877-4607-9A31-DCF69B21BCAD}.Debug|Any CPU.ActiveCfg = Debug|Any CPU
		{669D79C4-7877-4607-9A31-DCF69B21BCAD}.Debug|Any CPU.Build.0 = Debug|Any CPU
		{669D79C4-7877-4607-9A31-DCF69B21BCAD}.Release|Any CPU.ActiveCfg = Release|Any CPU
		{669D79C4-7877-4607-9A31-DCF69B21BCAD}.Release|Any CPU.Build.0 = Release|Any CPU
	EndGlobalSection
	GlobalSection(SolutionProperties) = preSolution
		HideSolutionNode = FALSE
	EndGlobalSection
	GlobalSection(ExtensibilityGlobals) = postSolution
		SolutionGuid = {CA97539A-B597-48DB-9001-75BF52DE96FD}
	EndGlobalSection
EndGlobal
